// !$*UTF8*$!
{
	archiveVersion = 1;
	classes = {
	};
	objectVersion = 56;
	objects = {

/* Begin PBXBuildFile section */
		831023652AE84D6C006EE883 /* AppDelegate.swift in Sources */ = {isa = PBXBuildFile; fileRef = 831023642AE84D6C006EE883 /* AppDelegate.swift */; };
		831023672AE84D6C006EE883 /* SceneDelegate.swift in Sources */ = {isa = PBXBuildFile; fileRef = 831023662AE84D6C006EE883 /* SceneDelegate.swift */; };
		831023692AE84D6C006EE883 /* ViewController.swift in Sources */ = {isa = PBXBuildFile; fileRef = 831023682AE84D6C006EE883 /* ViewController.swift */; };
		8310236C2AE84D6D006EE883 /* Main.storyboard in Resources */ = {isa = PBXBuildFile; fileRef = 8310236A2AE84D6D006EE883 /* Main.storyboard */; };
		8310236E2AE84D6E006EE883 /* Assets.xcassets in Resources */ = {isa = PBXBuildFile; fileRef = 8310236D2AE84D6E006EE883 /* Assets.xcassets */; };
		831023712AE84D6E006EE883 /* LaunchScreen.storyboard in Resources */ = {isa = PBXBuildFile; fileRef = 8310236F2AE84D6E006EE883 /* LaunchScreen.storyboard */; };
		831023792AE85379006EE883 /* BoardCell.swift in Sources */ = {isa = PBXBuildFile; fileRef = 831023782AE85379006EE883 /* BoardCell.swift */; };
		8310237B2AE85F30006EE883 /* BoardItem.swift in Sources */ = {isa = PBXBuildFile; fileRef = 8310237A2AE85F30006EE883 /* BoardItem.swift */; };
		8310237D2AE85F5F006EE883 /* Board.swift in Sources */ = {isa = PBXBuildFile; fileRef = 8310237C2AE85F5F006EE883 /* Board.swift */; };
		8310237F2AE85F78006EE883 /* Turn.swift in Sources */ = {isa = PBXBuildFile; fileRef = 8310237E2AE85F78006EE883 /* Turn.swift */; };
/* End PBXBuildFile section */

/* Begin PBXFileReference section */
		831023612AE84D6C006EE883 /* connectaGame_E1.app */ = {isa = PBXFileReference; explicitFileType = wrapper.application; includeInIndex = 0; path = connectaGame_E1.app; sourceTree = BUILT_PRODUCTS_DIR; };
		831023642AE84D6C006EE883 /* AppDelegate.swift */ = {isa = PBXFileReference; lastKnownFileType = sourcecode.swift; path = AppDelegate.swift; sourceTree = "<group>"; };
		831023662AE84D6C006EE883 /* SceneDelegate.swift */ = {isa = PBXFileReference; lastKnownFileType = sourcecode.swift; path = SceneDelegate.swift; sourceTree = "<group>"; };
		831023682AE84D6C006EE883 /* ViewController.swift */ = {isa = PBXFileReference; lastKnownFileType = sourcecode.swift; path = ViewController.swift; sourceTree = "<group>"; };
		8310236B2AE84D6D006EE883 /* Base */ = {isa = PBXFileReference; lastKnownFileType = file.storyboard; name = Base; path = Base.lproj/Main.storyboard; sourceTree = "<group>"; };
		8310236D2AE84D6E006EE883 /* Assets.xcassets */ = {isa = PBXFileReference; lastKnownFileType = folder.assetcatalog; path = Assets.xcassets; sourceTree = "<group>"; };
		831023702AE84D6E006EE883 /* Base */ = {isa = PBXFileReference; lastKnownFileType = file.storyboard; name = Base; path = Base.lproj/LaunchScreen.storyboard; sourceTree = "<group>"; };
		831023722AE84D6E006EE883 /* Info.plist */ = {isa = PBXFileReference; lastKnownFileType = text.plist.xml; path = Info.plist; sourceTree = "<group>"; };
		831023782AE85379006EE883 /* BoardCell.swift */ = {isa = PBXFileReference; lastKnownFileType = sourcecode.swift; path = BoardCell.swift; sourceTree = "<group>"; };
		8310237A2AE85F30006EE883 /* BoardItem.swift */ = {isa = PBXFileReference; lastKnownFileType = sourcecode.swift; path = BoardItem.swift; sourceTree = "<group>"; };
		8310237C2AE85F5F006EE883 /* Board.swift */ = {isa = PBXFileReference; lastKnownFileType = sourcecode.swift; path = Board.swift; sourceTree = "<group>"; };
		8310237E2AE85F78006EE883 /* Turn.swift */ = {isa = PBXFileReference; lastKnownFileType = sourcecode.swift; path = Turn.swift; sourceTree = "<group>"; };
/* End PBXFileReference section */

/* Begin PBXFrameworksBuildPhase section */
		8310235E2AE84D6C006EE883 /* Frameworks */ = {
			isa = PBXFrameworksBuildPhase;
			buildActionMask = 2147483647;
			files = (
			);
			runOnlyForDeploymentPostprocessing = 0;
		};
/* End PBXFrameworksBuildPhase section */

/* Begin PBXGroup section */
		831023582AE84D6C006EE883 = {
			isa = PBXGroup;
			children = (
				831023632AE84D6C006EE883 /* connectaGame_E1 */,
				831023622AE84D6C006EE883 /* Products */,
			);
			sourceTree = "<group>";
		};
		831023622AE84D6C006EE883 /* Products */ = {
			isa = PBXGroup;
			children = (
				831023612AE84D6C006EE883 /* connectaGame_E1.app */,
			);
			name = Products;
			sourceTree = "<group>";
		};
		831023632AE84D6C006EE883 /* connectaGame_E1 */ = {
			isa = PBXGroup;
			children = (
				831023642AE84D6C006EE883 /* AppDelegate.swift */,
				831023662AE84D6C006EE883 /* SceneDelegate.swift */,
				831023682AE84D6C006EE883 /* ViewController.swift */,
				8310237A2AE85F30006EE883 /* BoardItem.swift */,
				8310237E2AE85F78006EE883 /* Turn.swift */,
				8310237C2AE85F5F006EE883 /* Board.swift */,
				8310236A2AE84D6D006EE883 /* Main.storyboard */,
				831023782AE85379006EE883 /* BoardCell.swift */,
				8310236D2AE84D6E006EE883 /* Assets.xcassets */,
				8310236F2AE84D6E006EE883 /* LaunchScreen.storyboard */,
				831023722AE84D6E006EE883 /* Info.plist */,
			);
			path = connectaGame_E1;
			sourceTree = "<group>";
		};
/* End PBXGroup section */

/* Begin PBXNativeTarget section */
		831023602AE84D6C006EE883 /* connectaGame_E1 */ = {
			isa = PBXNativeTarget;
			buildConfigurationList = 831023752AE84D6E006EE883 /* Build configuration list for PBXNativeTarget "connectaGame_E1" */;
			buildPhases = (
				8310235D2AE84D6C006EE883 /* Sources */,
				8310235E2AE84D6C006EE883 /* Frameworks */,
				8310235F2AE84D6C006EE883 /* Resources */,
			);
			buildRules = (
			);
			dependencies = (
			);
			name = connectaGame_E1;
			productName = connectaGame_E1;
			productReference = 831023612AE84D6C006EE883 /* connectaGame_E1.app */;
			productType = "com.apple.product-type.application";
		};
/* End PBXNativeTarget section */

/* Begin PBXProject section */
		831023592AE84D6C006EE883 /* Project object */ = {
			isa = PBXProject;
			attributes = {
				BuildIndependentTargetsInParallel = 1;
				LastSwiftUpdateCheck = 1500;
				LastUpgradeCheck = 1500;
				TargetAttributes = {
					831023602AE84D6C006EE883 = {
						CreatedOnToolsVersion = 15.0.1;
					};
				};
			};
			buildConfigurationList = 8310235C2AE84D6C006EE883 /* Build configuration list for PBXProject "connectaGame_E1" */;
			compatibilityVersion = "Xcode 14.0";
			developmentRegion = en;
			hasScannedForEncodings = 0;
			knownRegions = (
				en,
				Base,
			);
			mainGroup = 831023582AE84D6C006EE883;
			productRefGroup = 831023622AE84D6C006EE883 /* Products */;
			projectDirPath = "";
			projectRoot = "";
			targets = (
				831023602AE84D6C006EE883 /* connectaGame_E1 */,
			);
		};
/* End PBXProject section */

/* Begin PBXResourcesBuildPhase section */
		8310235F2AE84D6C006EE883 /* Resources */ = {
			isa = PBXResourcesBuildPhase;
			buildActionMask = 2147483647;
			files = (
				831023712AE84D6E006EE883 /* LaunchScreen.storyboard in Resources */,
				8310236E2AE84D6E006EE883 /* Assets.xcassets in Resources */,
				8310236C2AE84D6D006EE883 /* Main.storyboard in Resources */,
			);
			runOnlyForDeploymentPostprocessing = 0;
		};
/* End PBXResourcesBuildPhase section */

/* Begin PBXSourcesBuildPhase section */
		8310235D2AE84D6C006EE883 /* Sources */ = {
			isa = PBXSourcesBuildPhase;
			buildActionMask = 2147483647;
			files = (
				8310237B2AE85F30006EE883 /* BoardItem.swift in Sources */,
				831023692AE84D6C006EE883 /* ViewController.swift in Sources */,
				8310237D2AE85F5F006EE883 /* Board.swift in Sources */,
				831023652AE84D6C006EE883 /* AppDelegate.swift in Sources */,
				831023792AE85379006EE883 /* BoardCell.swift in Sources */,
				831023672AE84D6C006EE883 /* SceneDelegate.swift in Sources */,
				8310237F2AE85F78006EE883 /* Turn.swift in Sources */,
			);
			runOnlyForDeploymentPostprocessing = 0;
		};
/* End PBXSourcesBuildPhase section */

/* Begin PBXVariantGroup section */
		8310236A2AE84D6D006EE883 /* Main.storyboard */ = {
			isa = PBXVariantGroup;
			children = (
				8310236B2AE84D6D006EE883 /* Base */,
			);
			name = Main.storyboard;
			sourceTree = "<group>";
		};
		8310236F2AE84D6E006EE883 /* LaunchScreen.storyboard */ = {
			isa = PBXVariantGroup;
			children = (
				831023702AE84D6E006EE883 /* Base */,
			);
			name = LaunchScreen.storyboard;
			sourceTree = "<group>";
		};
/* End PBXVariantGroup section */

/* Begin XCBuildConfiguration section */
		831023732AE84D6E006EE883 /* Debug */ = {
			isa = XCBuildConfiguration;
			buildSettings = {
				ALWAYS_SEARCH_USER_PATHS = NO;
				ASSETCATALOG_COMPILER_GENERATE_SWIFT_ASSET_SYMBOL_EXTENSIONS = YES;
				CLANG_ANALYZER_NONNULL = YES;
				CLANG_ANALYZER_NUMBER_OBJECT_CONVERSION = YES_AGGRESSIVE;
				CLANG_CXX_LANGUAGE_STANDARD = "gnu++20";
				CLANG_ENABLE_MODULES = YES;
				CLANG_ENABLE_OBJC_ARC = YES;
				CLANG_ENABLE_OBJC_WEAK = YES;
				CLANG_WARN_BLOCK_CAPTURE_AUTORELEASING = YES;
				CLANG_WARN_BOOL_CONVERSION = YES;
				CLANG_WARN_COMMA = YES;
				CLANG_WARN_CONSTANT_CONVERSION = YES;
				CLANG_WARN_DEPRECATED_OBJC_IMPLEMENTATIONS = YES;
				CLANG_WARN_DIRECT_OBJC_ISA_USAGE = YES_ERROR;
				CLANG_WARN_DOCUMENTATION_COMMENTS = YES;
				CLANG_WARN_EMPTY_BODY = YES;
				CLANG_WARN_ENUM_CONVERSION = YES;
				CLANG_WARN_INFINITE_RECURSION = YES;
				CLANG_WARN_INT_CONVERSION = YES;
				CLANG_WARN_NON_LITERAL_NULL_CONVERSION = YES;
				CLANG_WARN_OBJC_IMPLICIT_RETAIN_SELF = YES;
				CLANG_WARN_OBJC_LITERAL_CONVERSION = YES;
				CLANG_WARN_OBJC_ROOT_CLASS = YES_ERROR;
				CLANG_WARN_QUOTED_INCLUDE_IN_FRAMEWORK_HEADER = YES;
				CLANG_WARN_RANGE_LOOP_ANALYSIS = YES;
				CLANG_WARN_STRICT_PROTOTYPES = YES;
				CLANG_WARN_SUSPICIOUS_MOVE = YES;
				CLANG_WARN_UNGUARDED_AVAILABILITY = YES_AGGRESSIVE;
				CLANG_WARN_UNREACHABLE_CODE = YES;
				CLANG_WARN__DUPLICATE_METHOD_MATCH = YES;
				COPY_PHASE_STRIP = NO;
				DEBUG_INFORMATION_FORMAT = dwarf;
				ENABLE_STRICT_OBJC_MSGSEND = YES;
				ENABLE_TESTABILITY = YES;
				ENABLE_USER_SCRIPT_SANDBOXING = YES;
				GCC_C_LANGUAGE_STANDARD = gnu17;
				GCC_DYNAMIC_NO_PIC = NO;
				GCC_NO_COMMON_BLOCKS = YES;
				GCC_OPTIMIZATION_LEVEL = 0;
				GCC_PREPROCESSOR_DEFINITIONS = (
					"DEBUG=1",
					"$(inherited)",
				);
				GCC_WARN_64_TO_32_BIT_CONVERSION = YES;
				GCC_WARN_ABOUT_RETURN_TYPE = YES_ERROR;
				GCC_WARN_UNDECLARED_SELECTOR = YES;
				GCC_WARN_UNINITIALIZED_AUTOS = YES_AGGRESSIVE;
				GCC_WARN_UNUSED_FUNCTION = YES;
				GCC_WARN_UNUSED_VARIABLE = YES;
				IPHONEOS_DEPLOYMENT_TARGET = 17.0;
				LOCALIZATION_PREFERS_STRING_CATALOGS = YES;
				MTL_ENABLE_DEBUG_INFO = INCLUDE_SOURCE;
				MTL_FAST_MATH = YES;
				ONLY_ACTIVE_ARCH = YES;
				SDKROOT = iphoneos;
				SWIFT_ACTIVE_COMPILATION_CONDITIONS = "DEBUG $(inherited)";
				SWIFT_OPTIMIZATION_LEVEL = "-Onone";
			};
			name = Debug;
		};
		831023742AE84D6E006EE883 /* Release */ = {
			isa = XCBuildConfiguration;
			buildSettings = {
				ALWAYS_SEARCH_USER_PATHS = NO;
				ASSETCATALOG_COMPILER_GENERATE_SWIFT_ASSET_SYMBOL_EXTENSIONS = YES;
				CLANG_ANALYZER_NONNULL = YES;
				CLANG_ANALYZER_NUMBER_OBJECT_CONVERSION = YES_AGGRESSIVE;
				CLANG_CXX_LANGUAGE_STANDARD = "gnu++20";
				CLANG_ENABLE_MODULES = YES;
				CLANG_ENABLE_OBJC_ARC = YES;
				CLANG_ENABLE_OBJC_WEAK = YES;
				CLANG_WARN_BLOCK_CAPTURE_AUTORELEASING = YES;
				CLANG_WARN_BOOL_CONVERSION = YES;
				CLANG_WARN_COMMA = YES;
				CLANG_WARN_CONSTANT_CONVERSION = YES;
				CLANG_WARN_DEPRECATED_OBJC_IMPLEMENTATIONS = YES;
				CLANG_WARN_DIRECT_OBJC_ISA_USAGE = YES_ERROR;
				CLANG_WARN_DOCUMENTATION_COMMENTS = YES;
				CLANG_WARN_EMPTY_BODY = YES;
				CLANG_WARN_ENUM_CONVERSION = YES;
				CLANG_WARN_INFINITE_RECURSION = YES;
				CLANG_WARN_INT_CONVERSION = YES;
				CLANG_WARN_NON_LITERAL_NULL_CONVERSION = YES;
				CLANG_WARN_OBJC_IMPLICIT_RETAIN_SELF = YES;
				CLANG_WARN_OBJC_LITERAL_CONVERSION = YES;
				CLANG_WARN_OBJC_ROOT_CLASS = YES_ERROR;
				CLANG_WARN_QUOTED_INCLUDE_IN_FRAMEWORK_HEADER = YES;
				CLANG_WARN_RANGE_LOOP_ANALYSIS = YES;
				CLANG_WARN_STRICT_PROTOTYPES = YES;
				CLANG_WARN_SUSPICIOUS_MOVE = YES;
				CLANG_WARN_UNGUARDED_AVAILABILITY = YES_AGGRESSIVE;
				CLANG_WARN_UNREACHABLE_CODE = YES;
				CLANG_WARN__DUPLICATE_METHOD_MATCH = YES;
				COPY_PHASE_STRIP = NO;
				DEBUG_INFORMATION_FORMAT = "dwarf-with-dsym";
				ENABLE_NS_ASSERTIONS = NO;
				ENABLE_STRICT_OBJC_MSGSEND = YES;
				ENABLE_USER_SCRIPT_SANDBOXING = YES;
				GCC_C_LANGUAGE_STANDARD = gnu17;
				GCC_NO_COMMON_BLOCKS = YES;
				GCC_WARN_64_TO_32_BIT_CONVERSION = YES;
				GCC_WARN_ABOUT_RETURN_TYPE = YES_ERROR;
				GCC_WARN_UNDECLARED_SELECTOR = YES;
				GCC_WARN_UNINITIALIZED_AUTOS = YES_AGGRESSIVE;
				GCC_WARN_UNUSED_FUNCTION = YES;
				GCC_WARN_UNUSED_VARIABLE = YES;
				IPHONEOS_DEPLOYMENT_TARGET = 17.0;
				LOCALIZATION_PREFERS_STRING_CATALOGS = YES;
				MTL_ENABLE_DEBUG_INFO = NO;
				MTL_FAST_MATH = YES;
				SDKROOT = iphoneos;
				SWIFT_COMPILATION_MODE = wholemodule;
				VALIDATE_PRODUCT = YES;
			};
			name = Release;
		};
		831023762AE84D6E006EE883 /* Debug */ = {
			isa = XCBuildConfiguration;
			buildSettings = {
				ASSETCATALOG_COMPILER_APPICON_NAME = AppIcon;
				ASSETCATALOG_COMPILER_GLOBAL_ACCENT_COLOR_NAME = AccentColor;
				CODE_SIGN_STYLE = Automatic;
				CURRENT_PROJECT_VERSION = 1;
				GENERATE_INFOPLIST_FILE = YES;
				INFOPLIST_FILE = connectaGame_E1/Info.plist;
				INFOPLIST_KEY_UIApplicationSupportsIndirectInputEvents = YES;
				INFOPLIST_KEY_UILaunchStoryboardName = LaunchScreen;
				INFOPLIST_KEY_UIMainStoryboardFile = Main;
				INFOPLIST_KEY_UISupportedInterfaceOrientations_iPad = "UIInterfaceOrientationPortrait UIInterfaceOrientationPortraitUpsideDown UIInterfaceOrientationLandscapeLeft UIInterfaceOrientationLandscapeRight";
				INFOPLIST_KEY_UISupportedInterfaceOrientations_iPhone = "UIInterfaceOrientationPortrait UIInterfaceOrientationLandscapeLeft UIInterfaceOrientationLandscapeRight";
				LD_RUNPATH_SEARCH_PATHS = (
					"$(inherited)",
					"@executable_path/Frameworks",
				);
				MARKETING_VERSION = 1.0;
				PRODUCT_BUNDLE_IDENTIFIER = "mx.tec.A01736035.connectaGame-E1";
				PRODUCT_NAME = "$(TARGET_NAME)";
				SWIFT_EMIT_LOC_STRINGS = YES;
				SWIFT_VERSION = 5.0;
				TARGETED_DEVICE_FAMILY = "1,2";
			};
			name = Debug;
		};
		831023772AE84D6E006EE883 /* Release */ = {
			isa = XCBuildConfiguration;
			buildSettings = {
				ASSETCATALOG_COMPILER_APPICON_NAME = AppIcon;
				ASSETCATALOG_COMPILER_GLOBAL_ACCENT_COLOR_NAME = AccentColor;
				CODE_SIGN_STYLE = Automatic;
				CURRENT_PROJECT_VERSION = 1;
				GENERATE_INFOPLIST_FILE = YES;
				INFOPLIST_FILE = connectaGame_E1/Info.plist;
				INFOPLIST_KEY_UIApplicationSupportsIndirectInputEvents = YES;
				INFOPLIST_KEY_UILaunchStoryboardName = LaunchScreen;
				INFOPLIST_KEY_UIMainStoryboardFile = Main;
				INFOPLIST_KEY_UISupportedInterfaceOrientations_iPad = "UIInterfaceOrientationPortrait UIInterfaceOrientationPortraitUpsideDown UIInterfaceOrientationLandscapeLeft UIInterfaceOrientationLandscapeRight";
				INFOPLIST_KEY_UISupportedInterfaceOrientations_iPhone = "UIInterfaceOrientationPortrait UIInterfaceOrientationLandscapeLeft UIInterfaceOrientationLandscapeRight";
				LD_RUNPATH_SEARCH_PATHS = (
					"$(inherited)",
					"@executable_path/Frameworks",
				);
				MARKETING_VERSION = 1.0;
				PRODUCT_BUNDLE_IDENTIFIER = "mx.tec.A01736035.connectaGame-E1";
				PRODUCT_NAME = "$(TARGET_NAME)";
				SWIFT_EMIT_LOC_STRINGS = YES;
				SWIFT_VERSION = 5.0;
				TARGETED_DEVICE_FAMILY = "1,2";
			};
			name = Release;
		};
/* End XCBuildConfiguration section */

/* Begin XCConfigurationList section */
		8310235C2AE84D6C006EE883 /* Build configuration list for PBXProject "connectaGame_E1" */ = {
			isa = XCConfigurationList;
			buildConfigurations = (
				831023732AE84D6E006EE883 /* Debug */,
				831023742AE84D6E006EE883 /* Release */,
			);
			defaultConfigurationIsVisible = 0;
			defaultConfigurationName = Release;
		};
		831023752AE84D6E006EE883 /* Build configuration list for PBXNativeTarget "connectaGame_E1" */ = {
			isa = XCConfigurationList;
			buildConfigurations = (
				831023762AE84D6E006EE883 /* Debug */,
				831023772AE84D6E006EE883 /* Release */,
			);
			defaultConfigurationIsVisible = 0;
			defaultConfigurationName = Release;
		};
/* End XCConfigurationList section */
	};
	rootObject = 831023592AE84D6C006EE883 /* Project object */;
}
